// !$*UTF8*$!
{
	archiveVersion = 1;
	classes = {
	};
	objectVersion = 50;
	objects = {

/* Begin PBXBuildFile section */
		780E652B2602346400FA5F84 /* Viagem.swift in Sources */ = {isa = PBXBuildFile; fileRef = 780E652A2602346400FA5F84 /* Viagem.swift */; };
		780E6535260237F200FA5F84 /* TableViewCell.swift in Sources */ = {isa = PBXBuildFile; fileRef = 780E6534260237F200FA5F84 /* TableViewCell.swift */; };
		783E2C70260249910023B8F0 /* Assets in Resources */ = {isa = PBXBuildFile; fileRef = 783E2C6F260249910023B8F0 /* Assets */; };
		7887792F2603BEA90003BA0F /* PacotesViagensViewController.swift in Sources */ = {isa = PBXBuildFile; fileRef = 7887792E2603BEA90003BA0F /* PacotesViagensViewController.swift */; };
		788779322603C08E0003BA0F /* PacoteViagemCollectionViewCell.swift in Sources */ = {isa = PBXBuildFile; fileRef = 788779312603C08E0003BA0F /* PacoteViagemCollectionViewCell.swift */; };
		789B70D725FBD8890066FB59 /* AppDelegate.swift in Sources */ = {isa = PBXBuildFile; fileRef = 789B70D625FBD8890066FB59 /* AppDelegate.swift */; };
		789B70D925FBD8890066FB59 /* SceneDelegate.swift in Sources */ = {isa = PBXBuildFile; fileRef = 789B70D825FBD8890066FB59 /* SceneDelegate.swift */; };
		789B70DB25FBD8890066FB59 /* ViewController.swift in Sources */ = {isa = PBXBuildFile; fileRef = 789B70DA25FBD8890066FB59 /* ViewController.swift */; };
		789B70DE25FBD8890066FB59 /* Main.storyboard in Resources */ = {isa = PBXBuildFile; fileRef = 789B70DC25FBD8890066FB59 /* Main.storyboard */; };
		789B70E025FBD88B0066FB59 /* Assets.xcassets in Resources */ = {isa = PBXBuildFile; fileRef = 789B70DF25FBD88B0066FB59 /* Assets.xcassets */; };
		789B70E325FBD88B0066FB59 /* LaunchScreen.storyboard in Resources */ = {isa = PBXBuildFile; fileRef = 789B70E125FBD88B0066FB59 /* LaunchScreen.storyboard */; };
		78BF2BDF260246BC0015913B /* ViagemDAO.swift in Sources */ = {isa = PBXBuildFile; fileRef = 78BF2BDE260246BC0015913B /* ViagemDAO.swift */; };
/* End PBXBuildFile section */

/* Begin PBXFileReference section */
		780E652A2602346400FA5F84 /* Viagem.swift */ = {isa = PBXFileReference; lastKnownFileType = sourcecode.swift; path = Viagem.swift; sourceTree = "<group>"; };
		780E6534260237F200FA5F84 /* TableViewCell.swift */ = {isa = PBXFileReference; lastKnownFileType = sourcecode.swift; path = TableViewCell.swift; sourceTree = "<group>"; };
		783E2C6F260249910023B8F0 /* Assets */ = {isa = PBXFileReference; lastKnownFileType = folder; name = Assets; path = "/Users/guilherme.lourenco/Desktop/Alura Viagens/Alura Viagens/Assets"; sourceTree = "<absolute>"; };
		7887792E2603BEA90003BA0F /* PacotesViagensViewController.swift */ = {isa = PBXFileReference; lastKnownFileType = sourcecode.swift; path = PacotesViagensViewController.swift; sourceTree = "<group>"; };
		788779312603C08E0003BA0F /* PacoteViagemCollectionViewCell.swift */ = {isa = PBXFileReference; lastKnownFileType = sourcecode.swift; path = PacoteViagemCollectionViewCell.swift; sourceTree = "<group>"; };
		789B70D325FBD8890066FB59 /* Alura Viagens.app */ = {isa = PBXFileReference; explicitFileType = wrapper.application; includeInIndex = 0; path = "Alura Viagens.app"; sourceTree = BUILT_PRODUCTS_DIR; };
		789B70D625FBD8890066FB59 /* AppDelegate.swift */ = {isa = PBXFileReference; lastKnownFileType = sourcecode.swift; path = AppDelegate.swift; sourceTree = "<group>"; };
		789B70D825FBD8890066FB59 /* SceneDelegate.swift */ = {isa = PBXFileReference; lastKnownFileType = sourcecode.swift; path = SceneDelegate.swift; sourceTree = "<group>"; };
		789B70DA25FBD8890066FB59 /* ViewController.swift */ = {isa = PBXFileReference; lastKnownFileType = sourcecode.swift; path = ViewController.swift; sourceTree = "<group>"; };
		789B70DD25FBD8890066FB59 /* Base */ = {isa = PBXFileReference; lastKnownFileType = file.storyboard; name = Base; path = Base.lproj/Main.storyboard; sourceTree = "<group>"; };
		789B70DF25FBD88B0066FB59 /* Assets.xcassets */ = {isa = PBXFileReference; lastKnownFileType = folder.assetcatalog; path = Assets.xcassets; sourceTree = "<group>"; };
		789B70E225FBD88B0066FB59 /* Base */ = {isa = PBXFileReference; lastKnownFileType = file.storyboard; name = Base; path = Base.lproj/LaunchScreen.storyboard; sourceTree = "<group>"; };
		789B70E425FBD88B0066FB59 /* Info.plist */ = {isa = PBXFileReference; lastKnownFileType = text.plist.xml; path = Info.plist; sourceTree = "<group>"; };
		78BF2BDE260246BC0015913B /* ViagemDAO.swift */ = {isa = PBXFileReference; fileEncoding = 4; lastKnownFileType = sourcecode.swift; name = ViagemDAO.swift; path = "../../../Downloads/Arquivos Projeto/ViagemDAO.swift"; sourceTree = "<group>"; };
/* End PBXFileReference section */

/* Begin PBXFrameworksBuildPhase section */
		789B70D025FBD8890066FB59 /* Frameworks */ = {
			isa = PBXFrameworksBuildPhase;
			buildActionMask = 2147483647;
			files = (
			);
			runOnlyForDeploymentPostprocessing = 0;
		};
/* End PBXFrameworksBuildPhase section */

/* Begin PBXGroup section */
		7887792C2603BE550003BA0F /* Controller */ = {
			isa = PBXGroup;
			children = (
				7887792E2603BEA90003BA0F /* PacotesViagensViewController.swift */,
			);
			path = Controller;
			sourceTree = "<group>";
		};
		7887792D2603BE600003BA0F /* View */ = {
			isa = PBXGroup;
			children = (
				788779312603C08E0003BA0F /* PacoteViagemCollectionViewCell.swift */,
			);
			path = View;
			sourceTree = "<group>";
		};
		788EED3D26024492009DE1E3 /* Model */ = {
			isa = PBXGroup;
			children = (
				780E652A2602346400FA5F84 /* Viagem.swift */,
			);
			path = Model;
			sourceTree = "<group>";
		};
		788EED3E260244B4009DE1E3 /* Home */ = {
			isa = PBXGroup;
			children = (
				788EED40260244E7009DE1E3 /* View */,
				788EED3F260244E0009DE1E3 /* Controller */,
			);
			path = Home;
			sourceTree = "<group>";
		};
		788EED3F260244E0009DE1E3 /* Controller */ = {
			isa = PBXGroup;
			children = (
				789B70DA25FBD8890066FB59 /* ViewController.swift */,
			);
			path = Controller;
			sourceTree = "<group>";
		};
		788EED40260244E7009DE1E3 /* View */ = {
			isa = PBXGroup;
			children = (
				780E6534260237F200FA5F84 /* TableViewCell.swift */,
			);
			path = View;
			sourceTree = "<group>";
		};
		789B70CA25FBD8890066FB59 = {
			isa = PBXGroup;
			children = (
				789B70D525FBD8890066FB59 /* Alura Viagens */,
				789B70D425FBD8890066FB59 /* Products */,
			);
			sourceTree = "<group>";
		};
		789B70D425FBD8890066FB59 /* Products */ = {
			isa = PBXGroup;
			children = (
				789B70D325FBD8890066FB59 /* Alura Viagens.app */,
			);
			name = Products;
			sourceTree = "<group>";
		};
		789B70D525FBD8890066FB59 /* Alura Viagens */ = {
			isa = PBXGroup;
			children = (
				78BF2BDE260246BC0015913B /* ViagemDAO.swift */,
				788EED3D26024492009DE1E3 /* Model */,
				788EED3E260244B4009DE1E3 /* Home */,
				78CF7F912603BD37005A2E21 /* Pacotes */,
				783E2C6F260249910023B8F0 /* Assets */,
				789B70E425FBD88B0066FB59 /* Info.plist */,
				789B70D625FBD8890066FB59 /* AppDelegate.swift */,
				789B70D825FBD8890066FB59 /* SceneDelegate.swift */,
				789B70DF25FBD88B0066FB59 /* Assets.xcassets */,
				789B70E125FBD88B0066FB59 /* LaunchScreen.storyboard */,
				789B70DC25FBD8890066FB59 /* Main.storyboard */,
			);
			path = "Alura Viagens";
			sourceTree = "<group>";
		};
		78CF7F912603BD37005A2E21 /* Pacotes */ = {
			isa = PBXGroup;
			children = (
				7887792D2603BE600003BA0F /* View */,
				7887792C2603BE550003BA0F /* Controller */,
			);
			path = Pacotes;
			sourceTree = "<group>";
		};
/* End PBXGroup section */

/* Begin PBXNativeTarget section */
		789B70D225FBD8890066FB59 /* Alura Viagens */ = {
			isa = PBXNativeTarget;
			buildConfigurationList = 789B70E725FBD88B0066FB59 /* Build configuration list for PBXNativeTarget "Alura Viagens" */;
			buildPhases = (
				789B70CF25FBD8890066FB59 /* Sources */,
				789B70D025FBD8890066FB59 /* Frameworks */,
				789B70D125FBD8890066FB59 /* Resources */,
			);
			buildRules = (
			);
			dependencies = (
			);
			name = "Alura Viagens";
			productName = "Alura Viagens";
			productReference = 789B70D325FBD8890066FB59 /* Alura Viagens.app */;
			productType = "com.apple.product-type.application";
		};
/* End PBXNativeTarget section */

/* Begin PBXProject section */
		789B70CB25FBD8890066FB59 /* Project object */ = {
			isa = PBXProject;
			attributes = {
				LastSwiftUpdateCheck = 1240;
				LastUpgradeCheck = 1240;
				TargetAttributes = {
					789B70D225FBD8890066FB59 = {
						CreatedOnToolsVersion = 12.4;
					};
				};
			};
			buildConfigurationList = 789B70CE25FBD8890066FB59 /* Build configuration list for PBXProject "Alura Viagens" */;
			compatibilityVersion = "Xcode 9.3";
			developmentRegion = en;
			hasScannedForEncodings = 0;
			knownRegions = (
				en,
				Base,
			);
			mainGroup = 789B70CA25FBD8890066FB59;
			productRefGroup = 789B70D425FBD8890066FB59 /* Products */;
			projectDirPath = "";
			projectRoot = "";
			targets = (
				789B70D225FBD8890066FB59 /* Alura Viagens */,
			);
		};
/* End PBXProject section */

/* Begin PBXResourcesBuildPhase section */
		789B70D125FBD8890066FB59 /* Resources */ = {
			isa = PBXResourcesBuildPhase;
			buildActionMask = 2147483647;
			files = (
				789B70E325FBD88B0066FB59 /* LaunchScreen.storyboard in Resources */,
				783E2C70260249910023B8F0 /* Assets in Resources */,
				789B70E025FBD88B0066FB59 /* Assets.xcassets in Resources */,
				789B70DE25FBD8890066FB59 /* Main.storyboard in Resources */,
			);
			runOnlyForDeploymentPostprocessing = 0;
		};
/* End PBXResourcesBuildPhase section */

/* Begin PBXSourcesBuildPhase section */
		789B70CF25FBD8890066FB59 /* Sources */ = {
			isa = PBXSourcesBuildPhase;
			buildActionMask = 2147483647;
			files = (
				7887792F2603BEA90003BA0F /* PacotesViagensViewController.swift in Sources */,
				780E652B2602346400FA5F84 /* Viagem.swift in Sources */,
				789B70DB25FBD8890066FB59 /* ViewController.swift in Sources */,
				788779322603C08E0003BA0F /* PacoteViagemCollectionViewCell.swift in Sources */,
				780E6535260237F200FA5F84 /* TableViewCell.swift in Sources */,
				78BF2BDF260246BC0015913B /* ViagemDAO.swift in Sources */,
				789B70D725FBD8890066FB59 /* AppDelegate.swift in Sources */,
				789B70D925FBD8890066FB59 /* SceneDelegate.swift in Sources */,
			);
			runOnlyForDeploymentPostprocessing = 0;
		};
/* End PBXSourcesBuildPhase section */

/* Begin PBXVariantGroup section */
		789B70DC25FBD8890066FB59 /* Main.storyboard */ = {
			isa = PBXVariantGroup;
			children = (
				789B70DD25FBD8890066FB59 /* Base */,
			);
			name = Main.storyboard;
			sourceTree = "<group>";
		};
		789B70E125FBD88B0066FB59 /* LaunchScreen.storyboard */ = {
			isa = PBXVariantGroup;
			children = (
				789B70E225FBD88B0066FB59 /* Base */,
			);
			name = LaunchScreen.storyboard;
			sourceTree = "<group>";
		};
/* End PBXVariantGroup section */

/* Begin XCBuildConfiguration section */
		789B70E525FBD88B0066FB59 /* Debug */ = {
			isa = XCBuildConfiguration;
			buildSettings = {
				ALWAYS_SEARCH_USER_PATHS = NO;
				CLANG_ANALYZER_NONNULL = YES;
				CLANG_ANALYZER_NUMBER_OBJECT_CONVERSION = YES_AGGRESSIVE;
				CLANG_CXX_LANGUAGE_STANDARD = "gnu++14";
				CLANG_CXX_LIBRARY = "libc++";
				CLANG_ENABLE_MODULES = YES;
				CLANG_ENABLE_OBJC_ARC = YES;
				CLANG_ENABLE_OBJC_WEAK = YES;
				CLANG_WARN_BLOCK_CAPTURE_AUTORELEASING = YES;
				CLANG_WARN_BOOL_CONVERSION = YES;
				CLANG_WARN_COMMA = YES;
				CLANG_WARN_CONSTANT_CONVERSION = YES;
				CLANG_WARN_DEPRECATED_OBJC_IMPLEMENTATIONS = YES;
				CLANG_WARN_DIRECT_OBJC_ISA_USAGE = YES_ERROR;
				CLANG_WARN_DOCUMENTATION_COMMENTS = YES;
				CLANG_WARN_EMPTY_BODY = YES;
				CLANG_WARN_ENUM_CONVERSION = YES;
				CLANG_WARN_INFINITE_RECURSION = YES;
				CLANG_WARN_INT_CONVERSION = YES;
				CLANG_WARN_NON_LITERAL_NULL_CONVERSION = YES;
				CLANG_WARN_OBJC_IMPLICIT_RETAIN_SELF = YES;
				CLANG_WARN_OBJC_LITERAL_CONVERSION = YES;
				CLANG_WARN_OBJC_ROOT_CLASS = YES_ERROR;
				CLANG_WARN_QUOTED_INCLUDE_IN_FRAMEWORK_HEADER = YES;
				CLANG_WARN_RANGE_LOOP_ANALYSIS = YES;
				CLANG_WARN_STRICT_PROTOTYPES = YES;
				CLANG_WARN_SUSPICIOUS_MOVE = YES;
				CLANG_WARN_UNGUARDED_AVAILABILITY = YES_AGGRESSIVE;
				CLANG_WARN_UNREACHABLE_CODE = YES;
				CLANG_WARN__DUPLICATE_METHOD_MATCH = YES;
				COPY_PHASE_STRIP = NO;
				DEBUG_INFORMATION_FORMAT = dwarf;
				ENABLE_STRICT_OBJC_MSGSEND = YES;
				ENABLE_TESTABILITY = YES;
				GCC_C_LANGUAGE_STANDARD = gnu11;
				GCC_DYNAMIC_NO_PIC = NO;
				GCC_NO_COMMON_BLOCKS = YES;
				GCC_OPTIMIZATION_LEVEL = 0;
				GCC_PREPROCESSOR_DEFINITIONS = (
					"DEBUG=1",
					"$(inherited)",
				);
				GCC_WARN_64_TO_32_BIT_CONVERSION = YES;
				GCC_WARN_ABOUT_RETURN_TYPE = YES_ERROR;
				GCC_WARN_UNDECLARED_SELECTOR = YES;
				GCC_WARN_UNINITIALIZED_AUTOS = YES_AGGRESSIVE;
				GCC_WARN_UNUSED_FUNCTION = YES;
				GCC_WARN_UNUSED_VARIABLE = YES;
				IPHONEOS_DEPLOYMENT_TARGET = 14.4;
				MTL_ENABLE_DEBUG_INFO = INCLUDE_SOURCE;
				MTL_FAST_MATH = YES;
				ONLY_ACTIVE_ARCH = YES;
				SDKROOT = iphoneos;
				SWIFT_ACTIVE_COMPILATION_CONDITIONS = DEBUG;
				SWIFT_OPTIMIZATION_LEVEL = "-Onone";
			};
			name = Debug;
		};
		789B70E625FBD88B0066FB59 /* Release */ = {
			isa = XCBuildConfiguration;
			buildSettings = {
				ALWAYS_SEARCH_USER_PATHS = NO;
				CLANG_ANALYZER_NONNULL = YES;
				CLANG_ANALYZER_NUMBER_OBJECT_CONVERSION = YES_AGGRESSIVE;
				CLANG_CXX_LANGUAGE_STANDARD = "gnu++14";
				CLANG_CXX_LIBRARY = "libc++";
				CLANG_ENABLE_MODULES = YES;
				CLANG_ENABLE_OBJC_ARC = YES;
				CLANG_ENABLE_OBJC_WEAK = YES;
				CLANG_WARN_BLOCK_CAPTURE_AUTORELEASING = YES;
				CLANG_WARN_BOOL_CONVERSION = YES;
				CLANG_WARN_COMMA = YES;
				CLANG_WARN_CONSTANT_CONVERSION = YES;
				CLANG_WARN_DEPRECATED_OBJC_IMPLEMENTATIONS = YES;
				CLANG_WARN_DIRECT_OBJC_ISA_USAGE = YES_ERROR;
				CLANG_WARN_DOCUMENTATION_COMMENTS = YES;
				CLANG_WARN_EMPTY_BODY = YES;
				CLANG_WARN_ENUM_CONVERSION = YES;
				CLANG_WARN_INFINITE_RECURSION = YES;
				CLANG_WARN_INT_CONVERSION = YES;
				CLANG_WARN_NON_LITERAL_NULL_CONVERSION = YES;
				CLANG_WARN_OBJC_IMPLICIT_RETAIN_SELF = YES;
				CLANG_WARN_OBJC_LITERAL_CONVERSION = YES;
				CLANG_WARN_OBJC_ROOT_CLASS = YES_ERROR;
				CLANG_WARN_QUOTED_INCLUDE_IN_FRAMEWORK_HEADER = YES;
				CLANG_WARN_RANGE_LOOP_ANALYSIS = YES;
				CLANG_WARN_STRICT_PROTOTYPES = YES;
				CLANG_WARN_SUSPICIOUS_MOVE = YES;
				CLANG_WARN_UNGUARDED_AVAILABILITY = YES_AGGRESSIVE;
				CLANG_WARN_UNREACHABLE_CODE = YES;
				CLANG_WARN__DUPLICATE_METHOD_MATCH = YES;
				COPY_PHASE_STRIP = NO;
				DEBUG_INFORMATION_FORMAT = "dwarf-with-dsym";
				ENABLE_NS_ASSERTIONS = NO;
				ENABLE_STRICT_OBJC_MSGSEND = YES;
				GCC_C_LANGUAGE_STANDARD = gnu11;
				GCC_NO_COMMON_BLOCKS = YES;
				GCC_WARN_64_TO_32_BIT_CONVERSION = YES;
				GCC_WARN_ABOUT_RETURN_TYPE = YES_ERROR;
				GCC_WARN_UNDECLARED_SELECTOR = YES;
				GCC_WARN_UNINITIALIZED_AUTOS = YES_AGGRESSIVE;
				GCC_WARN_UNUSED_FUNCTION = YES;
				GCC_WARN_UNUSED_VARIABLE = YES;
				IPHONEOS_DEPLOYMENT_TARGET = 14.4;
				MTL_ENABLE_DEBUG_INFO = NO;
				MTL_FAST_MATH = YES;
				SDKROOT = iphoneos;
				SWIFT_COMPILATION_MODE = wholemodule;
				SWIFT_OPTIMIZATION_LEVEL = "-O";
				VALIDATE_PRODUCT = YES;
			};
			name = Release;
		};
		789B70E825FBD88B0066FB59 /* Debug */ = {
			isa = XCBuildConfiguration;
			buildSettings = {
				ASSETCATALOG_COMPILER_APPICON_NAME = AppIcon;
				ASSETCATALOG_COMPILER_GLOBAL_ACCENT_COLOR_NAME = AccentColor;
				CODE_SIGN_STYLE = Automatic;
				INFOPLIST_FILE = "Alura Viagens/Info.plist";
				LD_RUNPATH_SEARCH_PATHS = (
					"$(inherited)",
					"@executable_path/Frameworks",
				);
				PRODUCT_BUNDLE_IDENTIFIER = "br.com.alura.Alura-Viagens";
				PRODUCT_NAME = "$(TARGET_NAME)";
				SWIFT_VERSION = 5.0;
				TARGETED_DEVICE_FAMILY = "1,2";
			};
			name = Debug;
		};
		789B70E925FBD88B0066FB59 /* Release */ = {
			isa = XCBuildConfiguration;
			buildSettings = {
				ASSETCATALOG_COMPILER_APPICON_NAME = AppIcon;
				ASSETCATALOG_COMPILER_GLOBAL_ACCENT_COLOR_NAME = AccentColor;
				CODE_SIGN_STYLE = Automatic;
				INFOPLIST_FILE = "Alura Viagens/Info.plist";
				LD_RUNPATH_SEARCH_PATHS = (
					"$(inherited)",
					"@executable_path/Frameworks",
				);
				PRODUCT_BUNDLE_IDENTIFIER = "br.com.alura.Alura-Viagens";
				PRODUCT_NAME = "$(TARGET_NAME)";
				SWIFT_VERSION = 5.0;
				TARGETED_DEVICE_FAMILY = "1,2";
			};
			name = Release;
		};
/* End XCBuildConfiguration section */

/* Begin XCConfigurationList section */
		789B70CE25FBD8890066FB59 /* Build configuration list for PBXProject "Alura Viagens" */ = {
			isa = XCConfigurationList;
			buildConfigurations = (
				789B70E525FBD88B0066FB59 /* Debug */,
				789B70E625FBD88B0066FB59 /* Release */,
			);
			defaultConfigurationIsVisible = 0;
			defaultConfigurationName = Release;
		};
		789B70E725FBD88B0066FB59 /* Build configuration list for PBXNativeTarget "Alura Viagens" */ = {
			isa = XCConfigurationList;
			buildConfigurations = (
				789B70E825FBD88B0066FB59 /* Debug */,
				789B70E925FBD88B0066FB59 /* Release */,
			);
			defaultConfigurationIsVisible = 0;
			defaultConfigurationName = Release;
		};
/* End XCConfigurationList section */
	};
	rootObject = 789B70CB25FBD8890066FB59 /* Project object */;
}
